{
  "name": "forcefield-monorepo",
  "lockfileVersion": 3,
  "requires": true,
  "packages": {
    "": {
      "name": "forcefield-monorepo",
      "workspaces": [
        "js/forcefield-sim",
        "js/cytoscape-forcefield"
      ]
    },
    "js/cytoscape-forcefield": {
      "version": "0.2.0",
      "license": "MIT",
      "dependencies": {
        "forcefield-sim": "^0.2.0"
      },
      "devDependencies": {
        "cytoscape": "^3.33.2",
        "d3-force": "2.1.1"
      },
      "peerDependencies": {
        "cytoscape": "^3.2.0"
      }
    },
    "js/forcefield-sim": {
      "version": "0.2.0",
      "license": "BSD-3-Clause",
      "devDependencies": {
        "d3-force": "2.1.1",
        "forcefield-wasm": "^0.1.0"
      },
      "peerDependencies": {
        "forcefield-wasm": "^0.1.0"
      }
    },
    "node_modules/cytoscape": {
      "version": "3.34.3",
      "resolved": "https://registry.npmjs.org/cytoscape/-/cytoscape-3.34.3.tgz",
      "integrity": "sha512-yfYGhRcGAntq6YBD583j4n0Eg3jIxvWmZtz/5uz9UYkeIStSlMxuUja+ec5j3iBD8nv1rwaOAYMW09tBdkSeaQ==",
      "dev": true,
      "license": "MIT",
      "engines": {
        "node": ">=0.10"
      }
    },
    "node_modules/cytoscape-forcefield": {
      "resolved": "js/cytoscape-forcefield",
      "link": true
    },
    "node_modules/d3-dispatch": {
      "version": "2.0.0",
      "resolved": "https://registry.npmjs.org/d3-dispatch/-/d3-dispatch-2.0.0.tgz",
      "integrity": "sha512-S/m2VsXI7gAti2pBoLClFFTMOO1HTtT0j99AuXLoGFKO6deHDdnv6ZGTxSTTUTgO1zVcv82fCOtDjYK4EECmWA==",
      "dev": true,
      "license": "BSD-3-Clause"
    },
    "node_modules/d3-force": {
      "version": "2.1.1",
      "resolved": "https://registry.npmjs.org/d3-force/-/d3-force-2.1.1.tgz",
      "integrity": "sha512-nAuHEzBqMvpFVMf9OX75d00OxvOXdxY+xECIXjW6Gv8BRrXu6gAWbv/9XKrvfJ5i5DCokDW7RYE50LRoK092ew==",
      "dev": true,
      "license": "BSD-3-Clause",
      "dependencies": {
        "d3-dispatch": "1 - 2",
        "d3-quadtree": "1 - 2",
        "d3-timer": "1 - 2"
      }
    },
    "node_modules/d3-quadtree": {
      "version": "2.0.0",
      "resolved": "https://registry.npmjs.org/d3-quadtree/-/d3-quadtree-2.0.0.tgz",
      "integrity": "sha512-b0Ed2t1UUalJpc3qXzKi+cPGxeXRr4KU9YSlocN74aTzp6R/Ud43t79yLLqxHRWZfsvWXmbDWPpoENK1K539xw==",
      "dev": true,
      "license": "BSD-3-Clause"
    },
    "node_modules/d3-timer": {
      "version": "2.0.0",
      "resolved": "https://registry.npmjs.org/d3-timer/-/d3-timer-2.0.0.tgz",
      "integrity": "sha512-TO4VLh0/420Y/9dO3+f9abDEFYeCUr2WZRlxJvbp4HPTQcSylXNiL6yZa9FIUvV1yRiFufl1bszTCLDqv9PWNA==",
      "dev": true,
      "license": "BSD-3-Clause"
    },
    "node_modules/forcefield-sim": {
      "resolved": "js/forcefield-sim",
      "link": true
    },
    "node_modules/forcefield-wasm": {
      "version": "0.1.0",
      "resolved": "https://registry.npmjs.org/forcefield-wasm/-/forcefield-wasm-0.1.0.tgz",
      "integrity": "sha512-w9Hi3DHm6F4ZyoXg7zkMJkfDI0LYjz04fxRfrwaDga3vZB7KLI+4+foJNtnXOh0DDGKohk0EvUs74WDBCdi7rw==",
      "dev": true,
      "license": "BSD-3-Clause"
    }
  }
}
